<?xml version="1.0" encoding="utf-8"?>
<Project ToolsVersion="4.0" xmlns="http://schemas.microsoft.com/developer/msbuild/2003">
  <ItemGroup>
    <Filter Include="源文件">
      <UniqueIdentifier>{4FC737F1-C7A5-4376-A066-2A32D752A2FF}</UniqueIdentifier>
      <Extensions>cpp;c;cc;cxx;c++;cppm;ixx;def;odl;idl;hpj;bat;asm;asmx</Extensions>
    </Filter>
    <Filter Include="头文件">
      <UniqueIdentifier>{93995380-89BD-4b04-88EB-625FBE52EBFB}</UniqueIdentifier>
      <Extensions>h;hh;hpp;hxx;h++;hm;inl;inc;ipp;xsd</Extensions>
    </Filter>
    <Filter Include="资源文件">
      <UniqueIdentifier>{67DA6AB6-F800-4c08-8B7A-83BB121AAD01}</UniqueIdentifier>
      <Extensions>rc;ico;cur;bmp;dlg;rc2;rct;bin;rgs;gif;jpg;jpeg;jpe;resx;tiff;tif;png;wav;mfcribbon-ms</Extensions>
    </Filter>
  </ItemGroup>
  <ItemGroup>
    <ClCompile Include="acrxEntryPoint.cpp">
      <Filter>源文件</Filter>
    </ClCompile>
    <ClCompile Include="ConeDlg.cpp">
      <Filter>源文件</Filter>
    </ClCompile>
    <ClCompile Include="ConeGeometry.cpp">
      <Filter>源文件</Filter>
    </ClCompile>
    <ClCompile Include="DishedHead.cpp">
      <Filter>源文件</Filter>
    </ClCompile>
    <ClCompile Include="DishedHeadDlg.cpp">
      <Filter>源文件</Filter>
    </ClCompile>
    <ClCompile Include="EllipticalHead.cpp">
      <Filter>源文件</Filter>
    </ClCompile>
    <ClCompile Include="EllipticalHeadDlg.cpp">
      <Filter>源文件</Filter>
    </ClCompile>
    <ClCompile Include="DocData.cpp">
      <Filter>源文件</Filter>
    </ClCompile>
    <ClCompile Include="HeadDrawer.cpp">
      <Filter>源文件</Filter>
    </ClCompile>
    <ClCompile Include="HeadTypeDlg.cpp">
      <Filter>源文件</Filter>
    </ClCompile>
    <ClCompile Include="LayerManager.cpp">
      <Filter>源文件</Filter>
    </ClCompile>
    <ClCompile Include="HeadsPlugin.cpp">
      <Filter>源文件</Filter>
    </ClCompile>
    <ClCompile Include="StdAfx.cpp">
      <Filter>源文件</Filter>
    </ClCompile>
  </ItemGroup>
  <ItemGroup>
    <ClInclude Include="ConeDlg.h">
      <Filter>头文件</Filter>
    </ClInclude>
    <ClInclude Include="ConeGeometry.h">
      <Filter>头文件</Filter>
    </ClInclude>
    <ClInclude Include="DishedHead.h">
      <Filter>头文件</Filter>
    </ClInclude>
    <ClInclude Include="DishedHeadDlg.h">
      <Filter>头文件</Filter>
    </ClInclude>
    <ClInclude Include="EllipticalHead.h">
      <Filter>头文件</Filter>
    </ClInclude>
    <ClInclude Include="EllipticalHeadDlg.h">
      <Filter>头文件</Filter>
    </ClInclude>
    <ClInclude Include="DocData.h">
      <Filter>头文件</Filter>
    </ClInclude>
    <ClInclude Include="HeadDrawer.h">
      <Filter>头文件</Filter>
    </ClInclude>
    <ClInclude Include="HeadTypeDlg.h">
      <Filter>头文件</Filter>
    </ClInclude>
    <ClInclude Include="HeadTypes.h">
      <Filter>头文件</Filter>
    </ClInclude>
    <ClInclude Include="LayerManager.h">
      <Filter>头文件</Filter>
    </ClInclude>
    <ClInclude Include="Resource.h">
      <Filter>头文件</Filter>
    </ClInclude>
    <ClInclude Include="StdAfx.h">
      <Filter>头文件</Filter>
    </ClInclude>
  </ItemGroup>
  <ItemGroup>
    <ResourceCompile Include="HeadsPlugin.rc">
      <Filter>资源文件</Filter>
    </ResourceCompile>
  </ItemGroup>
</Project>